{
  "name": "w8-tapable",
  "version": "1.0.0",
  "lockfileVersion": 1,
  "requires": true,
  "dependencies": {
    "tapable": {
      "version": "0.2.7",
      "resolved": "http://registry.npm.taobao.org/tapable/download/tapable-0.2.7.tgz",
      "integrity": "sha1-5GwNqsuyuKmLmwzqD0BSEFgX7Vw=",
      "dev": true
    }
  }
}
